
Microsoft Visual Studio Solution File, Format Version 12.00
Project("{FAE04EC0-301F-11D3-BF4B-00C04F79EFBC}") = "MSW.Web", "MSW.Web\MSW.Web.csproj", "{66CDC91E-80A4-4088-BF6A-2AEB502952F0}"
EndProject
Project("{FAE04EC0-301F-11D3-BF4B-00C04F79EFBC}") = "MSW.Test", "MSW.Test\MSW.Test.csproj", "{A14E6D43-AA82-4890-A21C-62CE09756C3F}"
EndProject
Global
	GlobalSection(SolutionConfigurationPlatforms) = preSolution
		Debug|Any CPU = Debug|Any CPU
		Release|Any CPU = Release|Any CPU
	EndGlobalSection
	GlobalSection(ProjectConfigurationPlatforms) = postSolution
		{66CDC91E-80A4-4088-BF6A-2AEB502952F0}.Debug|Any CPU.ActiveCfg = Debug|Any CPU
		{66CDC91E-80A4-4088-BF6A-2AEB502952F0}.Debug|Any CPU.Build.0 = Debug|Any CPU
		{66CDC91E-80A4-4088-BF6A-2AEB502952F0}.Release|Any CPU.ActiveCfg = Release|Any CPU
		{66CDC91E-80A4-4088-BF6A-2AEB502952F0}.Release|Any CPU.Build.0 = Release|Any CPU
		{A14E6D43-AA82-4890-A21C-62CE09756C3F}.Debug|Any CPU.ActiveCfg = Debug|Any CPU
		{A14E6D43-AA82-4890-A21C-62CE09756C3F}.Debug|Any CPU.Build.0 = Debug|Any CPU
		{A14E6D43-AA82-4890-A21C-62CE09756C3F}.Release|Any CPU.ActiveCfg = Release|Any CPU
		{A14E6D43-AA82-4890-A21C-62CE09756C3F}.Release|Any CPU.Build.0 = Release|Any CPU
	EndGlobalSection
EndGlobal
